// !$*UTF8*$!
{
	archiveVersion = 1;
	classes = {
	};
	objectVersion = 46;
	objects = {

/* Begin PBXBuildFile section */
		DE79F3561DF84775002E6AC6 /* GuitarViewController.swift in Sources */ = {isa = PBXBuildFile; fileRef = DE79F3551DF84775002E6AC6 /* GuitarViewController.swift */; };
		DE79F3581DF85080002E6AC6 /* PianoViewController.swift in Sources */ = {isa = PBXBuildFile; fileRef = DE79F3571DF85080002E6AC6 /* PianoViewController.swift */; };
		DEDE986C1DF760DC000B574B /* AppDelegate.swift in Sources */ = {isa = PBXBuildFile; fileRef = DEDE986B1DF760DC000B574B /* AppDelegate.swift */; };
		DEDE986E1DF760DC000B574B /* ViewController.swift in Sources */ = {isa = PBXBuildFile; fileRef = DEDE986D1DF760DC000B574B /* ViewController.swift */; };
		DEDE98711DF760DC000B574B /* Main.storyboard in Resources */ = {isa = PBXBuildFile; fileRef = DEDE986F1DF760DC000B574B /* Main.storyboard */; };
		DEDE98731DF760DC000B574B /* Assets.xcassets in Resources */ = {isa = PBXBuildFile; fileRef = DEDE98721DF760DC000B574B /* Assets.xcassets */; };
		DEDE98761DF760DC000B574B /* LaunchScreen.storyboard in Resources */ = {isa = PBXBuildFile; fileRef = DEDE98741DF760DC000B574B /* LaunchScreen.storyboard */; };
/* End PBXBuildFile section */

/* Begin PBXFileReference section */
		DE79F3551DF84775002E6AC6 /* GuitarViewController.swift */ = {isa = PBXFileReference; fileEncoding = 4; lastKnownFileType = sourcecode.swift; path = GuitarViewController.swift; sourceTree = "<group>"; };
		DE79F3571DF85080002E6AC6 /* PianoViewController.swift */ = {isa = PBXFileReference; fileEncoding = 4; lastKnownFileType = sourcecode.swift; path = PianoViewController.swift; sourceTree = "<group>"; };
		DEDE98681DF760DC000B574B /* Chords.app */ = {isa = PBXFileReference; explicitFileType = wrapper.application; includeInIndex = 0; path = Chords.app; sourceTree = BUILT_PRODUCTS_DIR; };
		DEDE986B1DF760DC000B574B /* AppDelegate.swift */ = {isa = PBXFileReference; lastKnownFileType = sourcecode.swift; path = AppDelegate.swift; sourceTree = "<group>"; };
		DEDE986D1DF760DC000B574B /* ViewController.swift */ = {isa = PBXFileReference; lastKnownFileType = sourcecode.swift; path = ViewController.swift; sourceTree = "<group>"; };
		DEDE98701DF760DC000B574B /* Base */ = {isa = PBXFileReference; lastKnownFileType = file.storyboard; name = Base; path = Base.lproj/Main.storyboard; sourceTree = "<group>"; };
		DEDE98721DF760DC000B574B /* Assets.xcassets */ = {isa = PBXFileReference; lastKnownFileType = folder.assetcatalog; path = Assets.xcassets; sourceTree = "<group>"; };
		DEDE98751DF760DC000B574B /* Base */ = {isa = PBXFileReference; lastKnownFileType = file.storyboard; name = Base; path = Base.lproj/LaunchScreen.storyboard; sourceTree = "<group>"; };
		DEDE98771DF760DD000B574B /* Info.plist */ = {isa = PBXFileReference; lastKnownFileType = text.plist.xml; path = Info.plist; sourceTree = "<group>"; };
/* End PBXFileReference section */

/* Begin PBXFrameworksBuildPhase section */
		DEDE98651DF760DB000B574B /* Frameworks */ = {
			isa = PBXFrameworksBuildPhase;
			buildActionMask = 2147483647;
			files = (
			);
			runOnlyForDeploymentPostprocessing = 0;
		};
/* End PBXFrameworksBuildPhase section */

/* Begin PBXGroup section */
		DEDE985F1DF760DB000B574B = {
			isa = PBXGroup;
			children = (
				DEDE986A1DF760DC000B574B /* Chords */,
				DEDE98691DF760DC000B574B /* Products */,
			);
			sourceTree = "<group>";
		};
		DEDE98691DF760DC000B574B /* Products */ = {
			isa = PBXGroup;
			children = (
				DEDE98681DF760DC000B574B /* Chords.app */,
			);
			name = Products;
			sourceTree = "<group>";
		};
		DEDE986A1DF760DC000B574B /* Chords */ = {
			isa = PBXGroup;
			children = (
				DEDE986B1DF760DC000B574B /* AppDelegate.swift */,
				DEDE986D1DF760DC000B574B /* ViewController.swift */,
				DEDE986F1DF760DC000B574B /* Main.storyboard */,
				DE79F3551DF84775002E6AC6 /* GuitarViewController.swift */,
				DE79F3571DF85080002E6AC6 /* PianoViewController.swift */,
				DEDE98721DF760DC000B574B /* Assets.xcassets */,
				DEDE98741DF760DC000B574B /* LaunchScreen.storyboard */,
				DEDE98771DF760DD000B574B /* Info.plist */,
			);
			path = Chords;
			sourceTree = "<group>";
		};
/* End PBXGroup section */

/* Begin PBXNativeTarget section */
		DEDE98671DF760DB000B574B /* Chords */ = {
			isa = PBXNativeTarget;
			buildConfigurationList = DEDE987A1DF760DD000B574B /* Build configuration list for PBXNativeTarget "Chords" */;
			buildPhases = (
				DEDE98641DF760DB000B574B /* Sources */,
				DEDE98651DF760DB000B574B /* Frameworks */,
				DEDE98661DF760DB000B574B /* Resources */,
			);
			buildRules = (
			);
			dependencies = (
			);
			name = Chords;
			productName = Chords;
			productReference = DEDE98681DF760DC000B574B /* Chords.app */;
			productType = "com.apple.product-type.application";
		};
/* End PBXNativeTarget section */

/* Begin PBXProject section */
		DEDE98601DF760DB000B574B /* Project object */ = {
			isa = PBXProject;
			attributes = {
				LastSwiftUpdateCheck = 0810;
				LastUpgradeCheck = 0810;
				ORGANIZATIONNAME = kijho;
				TargetAttributes = {
					DEDE98671DF760DB000B574B = {
						CreatedOnToolsVersion = 8.1;
						DevelopmentTeam = TRRV84TBHR;
						ProvisioningStyle = Automatic;
					};
				};
			};
			buildConfigurationList = DEDE98631DF760DB000B574B /* Build configuration list for PBXProject "Chords" */;
			compatibilityVersion = "Xcode 3.2";
			developmentRegion = English;
			hasScannedForEncodings = 0;
			knownRegions = (
				en,
				Base,
			);
			mainGroup = DEDE985F1DF760DB000B574B;
			productRefGroup = DEDE98691DF760DC000B574B /* Products */;
			projectDirPath = "";
			projectRoot = "";
			targets = (
				DEDE98671DF760DB000B574B /* Chords */,
			);
		};
/* End PBXProject section */

/* Begin PBXResourcesBuildPhase section */
		DEDE98661DF760DB000B574B /* Resources */ = {
			isa = PBXResourcesBuildPhase;
			buildActionMask = 2147483647;
			files = (
				DEDE98761DF760DC000B574B /* LaunchScreen.storyboard in Resources */,
				DEDE98731DF760DC000B574B /* Assets.xcassets in Resources */,
				DEDE98711DF760DC000B574B /* Main.storyboard in Resources */,
			);
			runOnlyForDeploymentPostprocessing = 0;
		};
/* End PBXResourcesBuildPhase section */

/* Begin PBXSourcesBuildPhase section */
		DEDE98641DF760DB000B574B /* Sources */ = {
			isa = PBXSourcesBuildPhase;
			buildActionMask = 2147483647;
			files = (
				DEDE986E1DF760DC000B574B /* ViewController.swift in Sources */,
				DE79F3561DF84775002E6AC6 /* GuitarViewController.swift in Sources */,
				DE79F3581DF85080002E6AC6 /* PianoViewController.swift in Sources */,
				DEDE986C1DF760DC000B574B /* AppDelegate.swift in Sources */,
			);
			runOnlyForDeploymentPostprocessing = 0;
		};
/* End PBXSourcesBuildPhase section */

/* Begin PBXVariantGroup section */
		DEDE986F1DF760DC000B574B /* Main.storyboard */ = {
			isa = PBXVariantGroup;
			children = (
				DEDE98701DF760DC000B574B /* Base */,
			);
			name = Main.storyboard;
			sourceTree = "<group>";
		};
		DEDE98741DF760DC000B574B /* LaunchScreen.storyboard */ = {
			isa = PBXVariantGroup;
			children = (
				DEDE98751DF760DC000B574B /* Base */,
			);
			name = LaunchScreen.storyboard;
			sourceTree = "<group>";
		};
/* End PBXVariantGroup section */

/* Begin XCBuildConfiguration section */
		DEDE98781DF760DD000B574B /* Debug */ = {
			isa = XCBuildConfiguration;
			buildSettings = {
				ALWAYS_SEARCH_USER_PATHS = NO;
				CLANG_ANALYZER_NONNULL = YES;
				CLANG_CXX_LANGUAGE_STANDARD = "gnu++0x";
				CLANG_CXX_LIBRARY = "libc++";
				CLANG_ENABLE_MODULES = YES;
				CLANG_ENABLE_OBJC_ARC = YES;
				CLANG_WARN_BOOL_CONVERSION = YES;
				CLANG_WARN_CONSTANT_CONVERSION = YES;
				CLANG_WARN_DIRECT_OBJC_ISA_USAGE = YES_ERROR;
				CLANG_WARN_DOCUMENTATION_COMMENTS = YES;
				CLANG_WARN_EMPTY_BODY = YES;
				CLANG_WARN_ENUM_CONVERSION = YES;
				CLANG_WARN_INFINITE_RECURSION = YES;
				CLANG_WARN_INT_CONVERSION = YES;
				CLANG_WARN_OBJC_ROOT_CLASS = YES_ERROR;
				CLANG_WARN_SUSPICIOUS_MOVES = YES;
				CLANG_WARN_UNREACHABLE_CODE = YES;
				CLANG_WARN__DUPLICATE_METHOD_MATCH = YES;
				"CODE_SIGN_IDENTITY[sdk=iphoneos*]" = "iPhone Developer";
				COPY_PHASE_STRIP = NO;
				DEBUG_INFORMATION_FORMAT = dwarf;
				ENABLE_STRICT_OBJC_MSGSEND = YES;
				ENABLE_TESTABILITY = YES;
				GCC_C_LANGUAGE_STANDARD = gnu99;
				GCC_DYNAMIC_NO_PIC = NO;
				GCC_NO_COMMON_BLOCKS = YES;
				GCC_OPTIMIZATION_LEVEL = 0;
				GCC_PREPROCESSOR_DEFINITIONS = (
					"DEBUG=1",
					"$(inherited)",
				);
				GCC_WARN_64_TO_32_BIT_CONVERSION = YES;
				GCC_WARN_ABOUT_RETURN_TYPE = YES_ERROR;
				GCC_WARN_UNDECLARED_SELECTOR = YES;
				GCC_WARN_UNINITIALIZED_AUTOS = YES_AGGRESSIVE;
				GCC_WARN_UNUSED_FUNCTION = YES;
				GCC_WARN_UNUSED_VARIABLE = YES;
				IPHONEOS_DEPLOYMENT_TARGET = 10.1;
				MTL_ENABLE_DEBUG_INFO = YES;
				ONLY_ACTIVE_ARCH = YES;
				SDKROOT = iphoneos;
				SWIFT_ACTIVE_COMPILATION_CONDITIONS = DEBUG;
				SWIFT_OPTIMIZATION_LEVEL = "-Onone";
				TARGETED_DEVICE_FAMILY = "1,2";
			};
			name = Debug;
		};
		DEDE98791DF760DD000B574B /* Release */ = {
			isa = XCBuildConfiguration;
			buildSettings = {
				ALWAYS_SEARCH_USER_PATHS = NO;
				CLANG_ANALYZER_NONNULL = YES;
				CLANG_CXX_LANGUAGE_STANDARD = "gnu++0x";
				CLANG_CXX_LIBRARY = "libc++";
				CLANG_ENABLE_MODULES = YES;
				CLANG_ENABLE_OBJC_ARC = YES;
				CLANG_WARN_BOOL_CONVERSION = YES;
				CLANG_WARN_CONSTANT_CONVERSION = YES;
				CLANG_WARN_DIRECT_OBJC_ISA_USAGE = YES_ERROR;
				CLANG_WARN_DOCUMENTATION_COMMENTS = YES;
				CLANG_WARN_EMPTY_BODY = YES;
				CLANG_WARN_ENUM_CONVERSION = YES;
				CLANG_WARN_INFINITE_RECURSION = YES;
				CLANG_WARN_INT_CONVERSION = YES;
				CLANG_WARN_OBJC_ROOT_CLASS = YES_ERROR;
				CLANG_WARN_SUSPICIOUS_MOVES = YES;
				CLANG_WARN_UNREACHABLE_CODE = YES;
				CLANG_WARN__DUPLICATE_METHOD_MATCH = YES;
				"CODE_SIGN_IDENTITY[sdk=iphoneos*]" = "iPhone Developer";
				COPY_PHASE_STRIP = NO;
				DEBUG_INFORMATION_FORMAT = "dwarf-with-dsym";
				ENABLE_NS_ASSERTIONS = NO;
				ENABLE_STRICT_OBJC_MSGSEND = YES;
				GCC_C_LANGUAGE_STANDARD = gnu99;
				GCC_NO_COMMON_BLOCKS = YES;
				GCC_WARN_64_TO_32_BIT_CONVERSION = YES;
				GCC_WARN_ABOUT_RETURN_TYPE = YES_ERROR;
				GCC_WARN_UNDECLARED_SELECTOR = YES;
				GCC_WARN_UNINITIALIZED_AUTOS = YES_AGGRESSIVE;
				GCC_WARN_UNUSED_FUNCTION = YES;
				GCC_WARN_UNUSED_VARIABLE = YES;
				IPHONEOS_DEPLOYMENT_TARGET = 10.1;
				MTL_ENABLE_DEBUG_INFO = NO;
				SDKROOT = iphoneos;
				SWIFT_OPTIMIZATION_LEVEL = "-Owholemodule";
				TARGETED_DEVICE_FAMILY = "1,2";
				VALIDATE_PRODUCT = YES;
			};
			name = Release;
		};
		DEDE987B1DF760DD000B574B /* Debug */ = {
			isa = XCBuildConfiguration;
			buildSettings = {
				ASSETCATALOG_COMPILER_APPICON_NAME = AppIcon;
				DEVELOPMENT_TEAM = TRRV84TBHR;
				INFOPLIST_FILE = Chords/Info.plist;
				LD_RUNPATH_SEARCH_PATHS = "$(inherited) @executable_path/Frameworks";
				PRODUCT_BUNDLE_IDENTIFIER = com.johan.Chords;
				PRODUCT_NAME = "$(TARGET_NAME)";
				SWIFT_VERSION = 3.0;
			};
			name = Debug;
		};
		DEDE987C1DF760DD000B574B /* Release */ = {
			isa = XCBuildConfiguration;
			buildSettings = {
				ASSETCATALOG_COMPILER_APPICON_NAME = AppIcon;
				DEVELOPMENT_TEAM = TRRV84TBHR;
				INFOPLIST_FILE = Chords/Info.plist;
				LD_RUNPATH_SEARCH_PATHS = "$(inherited) @executable_path/Frameworks";
				PRODUCT_BUNDLE_IDENTIFIER = com.johan.Chords;
				PRODUCT_NAME = "$(TARGET_NAME)";
				SWIFT_VERSION = 3.0;
			};
			name = Release;
		};
/* End XCBuildConfiguration section */

/* Begin XCConfigurationList section */
		DEDE98631DF760DB000B574B /* Build configuration list for PBXProject "Chords" */ = {
			isa = XCConfigurationList;
			buildConfigurations = (
				DEDE98781DF760DD000B574B /* Debug */,
				DEDE98791DF760DD000B574B /* Release */,
			);
			defaultConfigurationIsVisible = 0;
			defaultConfigurationName = Release;
		};
		DEDE987A1DF760DD000B574B /* Build configuration list for PBXNativeTarget "Chords" */ = {
			isa = XCConfigurationList;
			buildConfigurations = (
				DEDE987B1DF760DD000B574B /* Debug */,
				DEDE987C1DF760DD000B574B /* Release */,
			);
			defaultConfigurationIsVisible = 0;
			defaultConfigurationName = Release;
		};
/* End XCConfigurationList section */
	};
	rootObject = DEDE98601DF760DB000B574B /* Project object */;
}
